// !$*UTF8*$!
{
	archiveVersion = 1;
	classes = {
	};
	objectVersion = 46;
	objects = {

/* Begin PBXBuildFile section */
		3699E3C51D18EC5800961FEE /* main.m in Sources */ = {isa = PBXBuildFile; fileRef = 3699E3C41D18EC5800961FEE /* main.m */; };
		3699E3C81D18EC5800961FEE /* AppDelegate.m in Sources */ = {isa = PBXBuildFile; fileRef = 3699E3C71D18EC5800961FEE /* AppDelegate.m */; };
		3699E3CB1D18EC5800961FEE /* ViewController.m in Sources */ = {isa = PBXBuildFile; fileRef = 3699E3CA1D18EC5800961FEE /* ViewController.m */; };
		3699E3CE1D18EC5800961FEE /* Main.storyboard in Resources */ = {isa = PBXBuildFile; fileRef = 3699E3CC1D18EC5800961FEE /* Main.storyboard */; };
		3699E3D01D18EC5800961FEE /* Assets.xcassets in Resources */ = {isa = PBXBuildFile; fileRef = 3699E3CF1D18EC5800961FEE /* Assets.xcassets */; };
		3699E3D31D18EC5800961FEE /* LaunchScreen.storyboard in Resources */ = {isa = PBXBuildFile; fileRef = 3699E3D11D18EC5800961FEE /* LaunchScreen.storyboard */; };
		3699E3DC1D18ECC800961FEE /* ResearchView.m in Sources */ = {isa = PBXBuildFile; fileRef = 3699E3DB1D18ECC800961FEE /* ResearchView.m */; };
/* End PBXBuildFile section */

/* Begin PBXFileReference section */
		3699E3C01D18EC5800961FEE /* UIViewResearch.app */ = {isa = PBXFileReference; explicitFileType = wrapper.application; includeInIndex = 0; path = UIViewResearch.app; sourceTree = BUILT_PRODUCTS_DIR; };
		3699E3C41D18EC5800961FEE /* main.m */ = {isa = PBXFileReference; lastKnownFileType = sourcecode.c.objc; path = main.m; sourceTree = "<group>"; };
		3699E3C61D18EC5800961FEE /* AppDelegate.h */ = {isa = PBXFileReference; lastKnownFileType = sourcecode.c.h; path = AppDelegate.h; sourceTree = "<group>"; };
		3699E3C71D18EC5800961FEE /* AppDelegate.m */ = {isa = PBXFileReference; lastKnownFileType = sourcecode.c.objc; path = AppDelegate.m; sourceTree = "<group>"; };
		3699E3C91D18EC5800961FEE /* ViewController.h */ = {isa = PBXFileReference; lastKnownFileType = sourcecode.c.h; path = ViewController.h; sourceTree = "<group>"; };
		3699E3CA1D18EC5800961FEE /* ViewController.m */ = {isa = PBXFileReference; lastKnownFileType = sourcecode.c.objc; path = ViewController.m; sourceTree = "<group>"; };
		3699E3CD1D18EC5800961FEE /* Base */ = {isa = PBXFileReference; lastKnownFileType = file.storyboard; name = Base; path = Base.lproj/Main.storyboard; sourceTree = "<group>"; };
		3699E3CF1D18EC5800961FEE /* Assets.xcassets */ = {isa = PBXFileReference; lastKnownFileType = folder.assetcatalog; path = Assets.xcassets; sourceTree = "<group>"; };
		3699E3D21D18EC5800961FEE /* Base */ = {isa = PBXFileReference; lastKnownFileType = file.storyboard; name = Base; path = Base.lproj/LaunchScreen.storyboard; sourceTree = "<group>"; };
		3699E3D41D18EC5800961FEE /* Info.plist */ = {isa = PBXFileReference; lastKnownFileType = text.plist.xml; path = Info.plist; sourceTree = "<group>"; };
		3699E3DA1D18ECC800961FEE /* ResearchView.h */ = {isa = PBXFileReference; fileEncoding = 4; lastKnownFileType = sourcecode.c.h; path = ResearchView.h; sourceTree = "<group>"; };
		3699E3DB1D18ECC800961FEE /* ResearchView.m */ = {isa = PBXFileReference; fileEncoding = 4; lastKnownFileType = sourcecode.c.objc; path = ResearchView.m; sourceTree = "<group>"; };
/* End PBXFileReference section */

/* Begin PBXFrameworksBuildPhase section */
		3699E3BD1D18EC5800961FEE /* Frameworks */ = {
			isa = PBXFrameworksBuildPhase;
			buildActionMask = 2147483647;
			files = (
			);
			runOnlyForDeploymentPostprocessing = 0;
		};
/* End PBXFrameworksBuildPhase section */

/* Begin PBXGroup section */
		3699E3B71D18EC5800961FEE = {
			isa = PBXGroup;
			children = (
				3699E3C21D18EC5800961FEE /* UIViewResearch */,
				3699E3C11D18EC5800961FEE /* Products */,
			);
			sourceTree = "<group>";
		};
		3699E3C11D18EC5800961FEE /* Products */ = {
			isa = PBXGroup;
			children = (
				3699E3C01D18EC5800961FEE /* UIViewResearch.app */,
			);
			name = Products;
			sourceTree = "<group>";
		};
		3699E3C21D18EC5800961FEE /* UIViewResearch */ = {
			isa = PBXGroup;
			children = (
				3699E3DA1D18ECC800961FEE /* ResearchView.h */,
				3699E3DB1D18ECC800961FEE /* ResearchView.m */,
				3699E3C61D18EC5800961FEE /* AppDelegate.h */,
				3699E3C71D18EC5800961FEE /* AppDelegate.m */,
				3699E3C91D18EC5800961FEE /* ViewController.h */,
				3699E3CA1D18EC5800961FEE /* ViewController.m */,
				3699E3CC1D18EC5800961FEE /* Main.storyboard */,
				3699E3CF1D18EC5800961FEE /* Assets.xcassets */,
				3699E3D11D18EC5800961FEE /* LaunchScreen.storyboard */,
				3699E3D41D18EC5800961FEE /* Info.plist */,
				3699E3C31D18EC5800961FEE /* Supporting Files */,
			);
			path = UIViewResearch;
			sourceTree = "<group>";
		};
		3699E3C31D18EC5800961FEE /* Supporting Files */ = {
			isa = PBXGroup;
			children = (
				3699E3C41D18EC5800961FEE /* main.m */,
			);
			name = "Supporting Files";
			sourceTree = "<group>";
		};
/* End PBXGroup section */

/* Begin PBXNativeTarget section */
		3699E3BF1D18EC5800961FEE /* UIViewResearch */ = {
			isa = PBXNativeTarget;
			buildConfigurationList = 3699E3D71D18EC5800961FEE /* Build configuration list for PBXNativeTarget "UIViewResearch" */;
			buildPhases = (
				3699E3BC1D18EC5800961FEE /* Sources */,
				3699E3BD1D18EC5800961FEE /* Frameworks */,
				3699E3BE1D18EC5800961FEE /* Resources */,
			);
			buildRules = (
			);
			dependencies = (
			);
			name = UIViewResearch;
			productName = UIViewResearch;
			productReference = 3699E3C01D18EC5800961FEE /* UIViewResearch.app */;
			productType = "com.apple.product-type.application";
		};
/* End PBXNativeTarget section */

/* Begin PBXProject section */
		3699E3B81D18EC5800961FEE /* Project object */ = {
			isa = PBXProject;
			attributes = {
				LastUpgradeCheck = 0730;
				ORGANIZATIONNAME = GoPage;
				TargetAttributes = {
					3699E3BF1D18EC5800961FEE = {
						CreatedOnToolsVersion = 7.3.1;
					};
				};
			};
			buildConfigurationList = 3699E3BB1D18EC5800961FEE /* Build configuration list for PBXProject "UIViewResearch" */;
			compatibilityVersion = "Xcode 3.2";
			developmentRegion = English;
			hasScannedForEncodings = 0;
			knownRegions = (
				en,
				Base,
			);
			mainGroup = 3699E3B71D18EC5800961FEE;
			productRefGroup = 3699E3C11D18EC5800961FEE /* Products */;
			projectDirPath = "";
			projectRoot = "";
			targets = (
				3699E3BF1D18EC5800961FEE /* UIViewResearch */,
			);
		};
/* End PBXProject section */

/* Begin PBXResourcesBuildPhase section */
		3699E3BE1D18EC5800961FEE /* Resources */ = {
			isa = PBXResourcesBuildPhase;
			buildActionMask = 2147483647;
			files = (
				3699E3D31D18EC5800961FEE /* LaunchScreen.storyboard in Resources */,
				3699E3D01D18EC5800961FEE /* Assets.xcassets in Resources */,
				3699E3CE1D18EC5800961FEE /* Main.storyboard in Resources */,
			);
			runOnlyForDeploymentPostprocessing = 0;
		};
/* End PBXResourcesBuildPhase section */

/* Begin PBXSourcesBuildPhase section */
		3699E3BC1D18EC5800961FEE /* Sources */ = {
			isa = PBXSourcesBuildPhase;
			buildActionMask = 2147483647;
			files = (
				3699E3CB1D18EC5800961FEE /* ViewController.m in Sources */,
				3699E3DC1D18ECC800961FEE /* ResearchView.m in Sources */,
				3699E3C81D18EC5800961FEE /* AppDelegate.m in Sources */,
				3699E3C51D18EC5800961FEE /* main.m in Sources */,
			);
			runOnlyForDeploymentPostprocessing = 0;
		};
/* End PBXSourcesBuildPhase section */

/* Begin PBXVariantGroup section */
		3699E3CC1D18EC5800961FEE /* Main.storyboard */ = {
			isa = PBXVariantGroup;
			children = (
				3699E3CD1D18EC5800961FEE /* Base */,
			);
			name = Main.storyboard;
			sourceTree = "<group>";
		};
		3699E3D11D18EC5800961FEE /* LaunchScreen.storyboard */ = {
			isa = PBXVariantGroup;
			children = (
				3699E3D21D18EC5800961FEE /* Base */,
			);
			name = LaunchScreen.storyboard;
			sourceTree = "<group>";
		};
/* End PBXVariantGroup section */

/* Begin XCBuildConfiguration section */
		3699E3D51D18EC5800961FEE /* Debug */ = {
			isa = XCBuildConfiguration;
			buildSettings = {
				ALWAYS_SEARCH_USER_PATHS = NO;
				CLANG_ANALYZER_NONNULL = YES;
				CLANG_CXX_LANGUAGE_STANDARD = "gnu++0x";
				CLANG_CXX_LIBRARY = "libc++";
				CLANG_ENABLE_MODULES = YES;
				CLANG_ENABLE_OBJC_ARC = YES;
				CLANG_WARN_BOOL_CONVERSION = YES;
				CLANG_WARN_CONSTANT_CONVERSION = YES;
				CLANG_WARN_DIRECT_OBJC_ISA_USAGE = YES_ERROR;
				CLANG_WARN_EMPTY_BODY = YES;
				CLANG_WARN_ENUM_CONVERSION = YES;
				CLANG_WARN_INT_CONVERSION = YES;
				CLANG_WARN_OBJC_ROOT_CLASS = YES_ERROR;
				CLANG_WARN_UNREACHABLE_CODE = YES;
				CLANG_WARN__DUPLICATE_METHOD_MATCH = YES;
				"CODE_SIGN_IDENTITY[sdk=iphoneos*]" = "iPhone Developer";
				COPY_PHASE_STRIP = NO;
				DEBUG_INFORMATION_FORMAT = dwarf;
				ENABLE_STRICT_OBJC_MSGSEND = YES;
				ENABLE_TESTABILITY = YES;
				GCC_C_LANGUAGE_STANDARD = gnu99;
				GCC_DYNAMIC_NO_PIC = NO;
				GCC_NO_COMMON_BLOCKS = YES;
				GCC_OPTIMIZATION_LEVEL = 0;
				GCC_PREPROCESSOR_DEFINITIONS = (
					"DEBUG=1",
					"$(inherited)",
				);
				GCC_WARN_64_TO_32_BIT_CONVERSION = YES;
				GCC_WARN_ABOUT_RETURN_TYPE = YES_ERROR;
				GCC_WARN_UNDECLARED_SELECTOR = YES;
				GCC_WARN_UNINITIALIZED_AUTOS = YES_AGGRESSIVE;
				GCC_WARN_UNUSED_FUNCTION = YES;
				GCC_WARN_UNUSED_VARIABLE = YES;
				IPHONEOS_DEPLOYMENT_TARGET = 9.3;
				MTL_ENABLE_DEBUG_INFO = YES;
				ONLY_ACTIVE_ARCH = YES;
				SDKROOT = iphoneos;
				TARGETED_DEVICE_FAMILY = "1,2";
			};
			name = Debug;
		};
		3699E3D61D18EC5800961FEE /* Release */ = {
			isa = XCBuildConfiguration;
			buildSettings = {
				ALWAYS_SEARCH_USER_PATHS = NO;
				CLANG_ANALYZER_NONNULL = YES;
				CLANG_CXX_LANGUAGE_STANDARD = "gnu++0x";
				CLANG_CXX_LIBRARY = "libc++";
				CLANG_ENABLE_MODULES = YES;
				CLANG_ENABLE_OBJC_ARC = YES;
				CLANG_WARN_BOOL_CONVERSION = YES;
				CLANG_WARN_CONSTANT_CONVERSION = YES;
				CLANG_WARN_DIRECT_OBJC_ISA_USAGE = YES_ERROR;
				CLANG_WARN_EMPTY_BODY = YES;
				CLANG_WARN_ENUM_CONVERSION = YES;
				CLANG_WARN_INT_CONVERSION = YES;
				CLANG_WARN_OBJC_ROOT_CLASS = YES_ERROR;
				CLANG_WARN_UNREACHABLE_CODE = YES;
				CLANG_WARN__DUPLICATE_METHOD_MATCH = YES;
				"CODE_SIGN_IDENTITY[sdk=iphoneos*]" = "iPhone Developer";
				COPY_PHASE_STRIP = NO;
				DEBUG_INFORMATION_FORMAT = "dwarf-with-dsym";
				ENABLE_NS_ASSERTIONS = NO;
				ENABLE_STRICT_OBJC_MSGSEND = YES;
				GCC_C_LANGUAGE_STANDARD = gnu99;
				GCC_NO_COMMON_BLOCKS = YES;
				GCC_WARN_64_TO_32_BIT_CONVERSION = YES;
				GCC_WARN_ABOUT_RETURN_TYPE = YES_ERROR;
				GCC_WARN_UNDECLARED_SELECTOR = YES;
				GCC_WARN_UNINITIALIZED_AUTOS = YES_AGGRESSIVE;
				GCC_WARN_UNUSED_FUNCTION = YES;
				GCC_WARN_UNUSED_VARIABLE = YES;
				IPHONEOS_DEPLOYMENT_TARGET = 9.3;
				MTL_ENABLE_DEBUG_INFO = NO;
				SDKROOT = iphoneos;
				TARGETED_DEVICE_FAMILY = "1,2";
				VALIDATE_PRODUCT = YES;
			};
			name = Release;
		};
		3699E3D81D18EC5800961FEE /* Debug */ = {
			isa = XCBuildConfiguration;
			buildSettings = {
				ASSETCATALOG_COMPILER_APPICON_NAME = AppIcon;
				INFOPLIST_FILE = UIViewResearch/Info.plist;
				LD_RUNPATH_SEARCH_PATHS = "$(inherited) @executable_path/Frameworks";
				PRODUCT_BUNDLE_IDENTIFIER = com.goPage.UIViewResearch;
				PRODUCT_NAME = "$(TARGET_NAME)";
			};
			name = Debug;
		};
		3699E3D91D18EC5800961FEE /* Release */ = {
			isa = XCBuildConfiguration;
			buildSettings = {
				ASSETCATALOG_COMPILER_APPICON_NAME = AppIcon;
				INFOPLIST_FILE = UIViewResearch/Info.plist;
				LD_RUNPATH_SEARCH_PATHS = "$(inherited) @executable_path/Frameworks";
				PRODUCT_BUNDLE_IDENTIFIER = com.goPage.UIViewResearch;
				PRODUCT_NAME = "$(TARGET_NAME)";
			};
			name = Release;
		};
/* End XCBuildConfiguration section */

/* Begin XCConfigurationList section */
		3699E3BB1D18EC5800961FEE /* Build configuration list for PBXProject "UIViewResearch" */ = {
			isa = XCConfigurationList;
			buildConfigurations = (
				3699E3D51D18EC5800961FEE /* Debug */,
				3699E3D61D18EC5800961FEE /* Release */,
			);
			defaultConfigurationIsVisible = 0;
			defaultConfigurationName = Release;
		};
		3699E3D71D18EC5800961FEE /* Build configuration list for PBXNativeTarget "UIViewResearch" */ = {
			isa = XCConfigurationList;
			buildConfigurations = (
				3699E3D81D18EC5800961FEE /* Debug */,
				3699E3D91D18EC5800961FEE /* Release */,
			);
			defaultConfigurationIsVisible = 0;
			defaultConfigurationName = Release;
		};
/* End XCConfigurationList section */
	};
	rootObject = 3699E3B81D18EC5800961FEE /* Project object */;
}
